
Microsoft Visual Studio Solution File, Format Version 12.00
# Visual Studio Version 17
VisualStudioVersion = 17.5.33502.453
MinimumVisualStudioVersion = 10.0.40219.1
Project("{FAE04EC0-301F-11D3-BF4B-00C04F79EFBC}") = "ejercicio7TP2", "ejercicio7TP2\ejercicio7TP2.csproj", "{12944A1E-417F-4C28-A0BF-FAE1E34EFB0E}"
EndProject
Global
	GlobalSection(SolutionConfigurationPlatforms) = preSolution
		Debug|Any CPU = Debug|Any CPU
		Release|Any CPU = Release|Any CPU
	EndGlobalSection
	GlobalSection(ProjectConfigurationPlatforms) = postSolution
		{12944A1E-417F-4C28-A0BF-FAE1E34EFB0E}.Debug|Any CPU.ActiveCfg = Debug|Any CPU
		{12944A1E-417F-4C28-A0BF-FAE1E34EFB0E}.Debug|Any CPU.Build.0 = Debug|Any CPU
		{12944A1E-417F-4C28-A0BF-FAE1E34EFB0E}.Release|Any CPU.ActiveCfg = Release|Any CPU
		{12944A1E-417F-4C28-A0BF-FAE1E34EFB0E}.Release|Any CPU.Build.0 = Release|Any CPU
	EndGlobalSection
	GlobalSection(SolutionProperties) = preSolution
		HideSolutionNode = FALSE
	EndGlobalSection
	GlobalSection(ExtensibilityGlobals) = postSolution
		SolutionGuid = {85B63001-7435-4C5B-A681-CC049CB0D9D3}
	EndGlobalSection
EndGlobal
