
Microsoft Visual Studio Solution File, Format Version 12.00
# Visual Studio Version 17
VisualStudioVersion = 17.5.33502.453
MinimumVisualStudioVersion = 10.0.40219.1
Project("{FAE04EC0-301F-11D3-BF4B-00C04F79EFBC}") = "ejercicio10.TP2", "ejercicio10.TP2\ejercicio10.TP2.csproj", "{1F7460F9-2EBF-4DB2-A594-B83ED2714F1D}"
EndProject
Global
	GlobalSection(SolutionConfigurationPlatforms) = preSolution
		Debug|Any CPU = Debug|Any CPU
		Release|Any CPU = Release|Any CPU
	EndGlobalSection
	GlobalSection(ProjectConfigurationPlatforms) = postSolution
		{1F7460F9-2EBF-4DB2-A594-B83ED2714F1D}.Debug|Any CPU.ActiveCfg = Debug|Any CPU
		{1F7460F9-2EBF-4DB2-A594-B83ED2714F1D}.Debug|Any CPU.Build.0 = Debug|Any CPU
		{1F7460F9-2EBF-4DB2-A594-B83ED2714F1D}.Release|Any CPU.ActiveCfg = Release|Any CPU
		{1F7460F9-2EBF-4DB2-A594-B83ED2714F1D}.Release|Any CPU.Build.0 = Release|Any CPU
	EndGlobalSection
	GlobalSection(SolutionProperties) = preSolution
		HideSolutionNode = FALSE
	EndGlobalSection
	GlobalSection(ExtensibilityGlobals) = postSolution
		SolutionGuid = {72F91406-8EDE-4249-B787-806856850C65}
	EndGlobalSection
EndGlobal
